
Microsoft Visual Studio Solution File, Format Version 12.00
# Visual Studio Version 17
VisualStudioVersion = 17.4.33213.308
MinimumVisualStudioVersion = 10.0.40219.1
Project("{9A19103F-16F7-4668-BE54-9A1E7A4F7556}") = "BusinessObjects", "BusinessObjects\BusinessObjects.csproj", "{3100FC02-7832-44E9-8CC1-185E8BE3AB37}"
EndProject
Project("{FAE04EC0-301F-11D3-BF4B-00C04F79EFBC}") = "FPTUMerchAPI", "FPTUMerchAPI\FPTUMerchAPI.csproj", "{84897891-D314-4ADB-9EC0-EF0A0A7D348F}"
EndProject
Global
	GlobalSection(SolutionConfigurationPlatforms) = preSolution
		Debug|Any CPU = Debug|Any CPU
		Release|Any CPU = Release|Any CPU
	EndGlobalSection
	GlobalSection(ProjectConfigurationPlatforms) = postSolution
		{3100FC02-7832-44E9-8CC1-185E8BE3AB37}.Debug|Any CPU.ActiveCfg = Debug|Any CPU
		{3100FC02-7832-44E9-8CC1-185E8BE3AB37}.Debug|Any CPU.Build.0 = Debug|Any CPU
		{3100FC02-7832-44E9-8CC1-185E8BE3AB37}.Release|Any CPU.ActiveCfg = Release|Any CPU
		{3100FC02-7832-44E9-8CC1-185E8BE3AB37}.Release|Any CPU.Build.0 = Release|Any CPU
		{84897891-D314-4ADB-9EC0-EF0A0A7D348F}.Debug|Any CPU.ActiveCfg = Debug|Any CPU
		{84897891-D314-4ADB-9EC0-EF0A0A7D348F}.Debug|Any CPU.Build.0 = Debug|Any CPU
		{84897891-D314-4ADB-9EC0-EF0A0A7D348F}.Release|Any CPU.ActiveCfg = Release|Any CPU
		{84897891-D314-4ADB-9EC0-EF0A0A7D348F}.Release|Any CPU.Build.0 = Release|Any CPU
	EndGlobalSection
	GlobalSection(SolutionProperties) = preSolution
		HideSolutionNode = FALSE
	EndGlobalSection
	GlobalSection(ExtensibilityGlobals) = postSolution
		SolutionGuid = {AC854120-E46F-4C93-B86C-35BB9EE6A68A}
	EndGlobalSection
EndGlobal
