
Microsoft Visual Studio Solution File, Format Version 12.00
# Visual Studio Version 17
VisualStudioVersion = 17.4.33213.308
MinimumVisualStudioVersion = 10.0.40219.1
Project("{9A19103F-16F7-4668-BE54-9A1E7A4F7556}") = "FPTUMerchAPI", "FPTUMerchAPI\FPTUMerchAPI.csproj", "{DAB1BA8C-5F58-471C-BC02-55FA7F70B3F0}"
EndProject
Project("{FAE04EC0-301F-11D3-BF4B-00C04F79EFBC}") = "BusinessObjects", "BusinessObjects\BusinessObjects.csproj", "{3100FC02-7832-44E9-8CC1-185E8BE3AB37}"
EndProject
Project("{FAE04EC0-301F-11D3-BF4B-00C04F79EFBC}") = "DataAccess", "DataAccess\DataAccess.csproj", "{232C7CBD-5F0D-4734-9318-0F59A6320971}"
EndProject
Project("{FAE04EC0-301F-11D3-BF4B-00C04F79EFBC}") = "Repository", "Repository\Repository.csproj", "{C88C1B13-1B3E-441C-B17E-2F116D4395A4}"
EndProject
Global
	GlobalSection(SolutionConfigurationPlatforms) = preSolution
		Debug|Any CPU = Debug|Any CPU
		Release|Any CPU = Release|Any CPU
	EndGlobalSection
	GlobalSection(ProjectConfigurationPlatforms) = postSolution
		{DAB1BA8C-5F58-471C-BC02-55FA7F70B3F0}.Debug|Any CPU.ActiveCfg = Debug|Any CPU
		{DAB1BA8C-5F58-471C-BC02-55FA7F70B3F0}.Debug|Any CPU.Build.0 = Debug|Any CPU
		{DAB1BA8C-5F58-471C-BC02-55FA7F70B3F0}.Release|Any CPU.ActiveCfg = Release|Any CPU
		{DAB1BA8C-5F58-471C-BC02-55FA7F70B3F0}.Release|Any CPU.Build.0 = Release|Any CPU
		{3100FC02-7832-44E9-8CC1-185E8BE3AB37}.Debug|Any CPU.ActiveCfg = Debug|Any CPU
		{3100FC02-7832-44E9-8CC1-185E8BE3AB37}.Debug|Any CPU.Build.0 = Debug|Any CPU
		{3100FC02-7832-44E9-8CC1-185E8BE3AB37}.Release|Any CPU.ActiveCfg = Release|Any CPU
		{3100FC02-7832-44E9-8CC1-185E8BE3AB37}.Release|Any CPU.Build.0 = Release|Any CPU
		{232C7CBD-5F0D-4734-9318-0F59A6320971}.Debug|Any CPU.ActiveCfg = Debug|Any CPU
		{232C7CBD-5F0D-4734-9318-0F59A6320971}.Debug|Any CPU.Build.0 = Debug|Any CPU
		{232C7CBD-5F0D-4734-9318-0F59A6320971}.Release|Any CPU.ActiveCfg = Release|Any CPU
		{232C7CBD-5F0D-4734-9318-0F59A6320971}.Release|Any CPU.Build.0 = Release|Any CPU
		{C88C1B13-1B3E-441C-B17E-2F116D4395A4}.Debug|Any CPU.ActiveCfg = Debug|Any CPU
		{C88C1B13-1B3E-441C-B17E-2F116D4395A4}.Debug|Any CPU.Build.0 = Debug|Any CPU
		{C88C1B13-1B3E-441C-B17E-2F116D4395A4}.Release|Any CPU.ActiveCfg = Release|Any CPU
		{C88C1B13-1B3E-441C-B17E-2F116D4395A4}.Release|Any CPU.Build.0 = Release|Any CPU
	EndGlobalSection
	GlobalSection(SolutionProperties) = preSolution
		HideSolutionNode = FALSE
	EndGlobalSection
	GlobalSection(ExtensibilityGlobals) = postSolution
		SolutionGuid = {AC854120-E46F-4C93-B86C-35BB9EE6A68A}
	EndGlobalSection
EndGlobal
